// !$*UTF8*$!
{
	archiveVersion = 1;
	classes = {
	};
	objectVersion = 46;
	objects = {

/* Begin PBXBuildFile section */
		5E5C90971B6430810014AEBA /* sample_board.json in Resources */ = {isa = PBXBuildFile; fileRef = 5E5C90961B6430810014AEBA /* sample_board.json */; };
		5E5C90991B64310E0014AEBA /* Extensions.swift in Sources */ = {isa = PBXBuildFile; fileRef = 5E5C90981B64310E0014AEBA /* Extensions.swift */; };
		5E5C909B1B6438B20014AEBA /* Tile.png in Resources */ = {isa = PBXBuildFile; fileRef = 5E5C909A1B6438B20014AEBA /* Tile.png */; };
		5E5C909D1B643C880014AEBA /* NumberChooser.swift in Sources */ = {isa = PBXBuildFile; fileRef = 5E5C909C1B643C880014AEBA /* NumberChooser.swift */; };
		5EFCD6551B519F99002F61E3 /* AppDelegate.swift in Sources */ = {isa = PBXBuildFile; fileRef = 5EFCD6541B519F99002F61E3 /* AppDelegate.swift */; };
		5EFCD6591B519F99002F61E3 /* GameScene.swift in Sources */ = {isa = PBXBuildFile; fileRef = 5EFCD6581B519F99002F61E3 /* GameScene.swift */; };
		5EFCD65B1B519F99002F61E3 /* GameViewController.swift in Sources */ = {isa = PBXBuildFile; fileRef = 5EFCD65A1B519F99002F61E3 /* GameViewController.swift */; };
		5EFCD65E1B519F99002F61E3 /* Main.storyboard in Resources */ = {isa = PBXBuildFile; fileRef = 5EFCD65C1B519F99002F61E3 /* Main.storyboard */; };
		5EFCD6601B519F99002F61E3 /* Images.xcassets in Resources */ = {isa = PBXBuildFile; fileRef = 5EFCD65F1B519F99002F61E3 /* Images.xcassets */; };
		5EFCD6631B519F99002F61E3 /* LaunchScreen.xib in Resources */ = {isa = PBXBuildFile; fileRef = 5EFCD6611B519F99002F61E3 /* LaunchScreen.xib */; };
		5EFCD66F1B519F99002F61E3 /* SudokuHubTests.swift in Sources */ = {isa = PBXBuildFile; fileRef = 5EFCD66E1B519F99002F61E3 /* SudokuHubTests.swift */; };
		5EFCD6901B51A571002F61E3 /* NumberTile.swift in Sources */ = {isa = PBXBuildFile; fileRef = 5EFCD68F1B51A571002F61E3 /* NumberTile.swift */; };
		5EFCD69B1B51A5E8002F61E3 /* num0.png in Resources */ = {isa = PBXBuildFile; fileRef = 5EFCD6911B51A5E8002F61E3 /* num0.png */; };
		5EFCD69C1B51A5E8002F61E3 /* num1.png in Resources */ = {isa = PBXBuildFile; fileRef = 5EFCD6921B51A5E8002F61E3 /* num1.png */; };
		5EFCD69D1B51A5E8002F61E3 /* num2.png in Resources */ = {isa = PBXBuildFile; fileRef = 5EFCD6931B51A5E8002F61E3 /* num2.png */; };
		5EFCD69E1B51A5E8002F61E3 /* num3.png in Resources */ = {isa = PBXBuildFile; fileRef = 5EFCD6941B51A5E8002F61E3 /* num3.png */; };
		5EFCD69F1B51A5E8002F61E3 /* num4.png in Resources */ = {isa = PBXBuildFile; fileRef = 5EFCD6951B51A5E8002F61E3 /* num4.png */; };
		5EFCD6A01B51A5E8002F61E3 /* num5.png in Resources */ = {isa = PBXBuildFile; fileRef = 5EFCD6961B51A5E8002F61E3 /* num5.png */; };
		5EFCD6A11B51A5E8002F61E3 /* num6.png in Resources */ = {isa = PBXBuildFile; fileRef = 5EFCD6971B51A5E8002F61E3 /* num6.png */; };
		5EFCD6A21B51A5E8002F61E3 /* num7.png in Resources */ = {isa = PBXBuildFile; fileRef = 5EFCD6981B51A5E8002F61E3 /* num7.png */; };
		5EFCD6A31B51A5E8002F61E3 /* num8.png in Resources */ = {isa = PBXBuildFile; fileRef = 5EFCD6991B51A5E8002F61E3 /* num8.png */; };
		5EFCD6A41B51A5E8002F61E3 /* num9.png in Resources */ = {isa = PBXBuildFile; fileRef = 5EFCD69A1B51A5E8002F61E3 /* num9.png */; };
		5EFCD6A61B51AA4E002F61E3 /* Array2D.swift in Sources */ = {isa = PBXBuildFile; fileRef = 5EFCD6A51B51AA4E002F61E3 /* Array2D.swift */; };
		5EFCD6A81B51AAF1002F61E3 /* Level.swift in Sources */ = {isa = PBXBuildFile; fileRef = 5EFCD6A71B51AAF1002F61E3 /* Level.swift */; };
/* End PBXBuildFile section */

/* Begin PBXContainerItemProxy section */
		5EFCD6691B519F99002F61E3 /* PBXContainerItemProxy */ = {
			isa = PBXContainerItemProxy;
			containerPortal = 5EFCD6471B519F99002F61E3 /* Project object */;
			proxyType = 1;
			remoteGlobalIDString = 5EFCD64E1B519F99002F61E3;
			remoteInfo = SudokuHub;
		};
/* End PBXContainerItemProxy section */

/* Begin PBXFileReference section */
		5E5C90961B6430810014AEBA /* sample_board.json */ = {isa = PBXFileReference; fileEncoding = 4; lastKnownFileType = text.json; path = sample_board.json; sourceTree = "<group>"; };
		5E5C90981B64310E0014AEBA /* Extensions.swift */ = {isa = PBXFileReference; fileEncoding = 4; lastKnownFileType = sourcecode.swift; path = Extensions.swift; sourceTree = "<group>"; };
		5E5C909A1B6438B20014AEBA /* Tile.png */ = {isa = PBXFileReference; lastKnownFileType = image.png; path = Tile.png; sourceTree = "<group>"; };
		5E5C909C1B643C880014AEBA /* NumberChooser.swift */ = {isa = PBXFileReference; fileEncoding = 4; lastKnownFileType = sourcecode.swift; path = NumberChooser.swift; sourceTree = "<group>"; };
		5EFCD64F1B519F99002F61E3 /* SudokuHub.app */ = {isa = PBXFileReference; explicitFileType = wrapper.application; includeInIndex = 0; path = SudokuHub.app; sourceTree = BUILT_PRODUCTS_DIR; };
		5EFCD6531B519F99002F61E3 /* Info.plist */ = {isa = PBXFileReference; lastKnownFileType = text.plist.xml; path = Info.plist; sourceTree = "<group>"; };
		5EFCD6541B519F99002F61E3 /* AppDelegate.swift */ = {isa = PBXFileReference; lastKnownFileType = sourcecode.swift; path = AppDelegate.swift; sourceTree = "<group>"; };
		5EFCD6581B519F99002F61E3 /* GameScene.swift */ = {isa = PBXFileReference; lastKnownFileType = sourcecode.swift; path = GameScene.swift; sourceTree = "<group>"; };
		5EFCD65A1B519F99002F61E3 /* GameViewController.swift */ = {isa = PBXFileReference; lastKnownFileType = sourcecode.swift; path = GameViewController.swift; sourceTree = "<group>"; };
		5EFCD65D1B519F99002F61E3 /* Base */ = {isa = PBXFileReference; lastKnownFileType = file.storyboard; name = Base; path = Base.lproj/Main.storyboard; sourceTree = "<group>"; };
		5EFCD65F1B519F99002F61E3 /* Images.xcassets */ = {isa = PBXFileReference; lastKnownFileType = folder.assetcatalog; path = Images.xcassets; sourceTree = "<group>"; };
		5EFCD6621B519F99002F61E3 /* Base */ = {isa = PBXFileReference; lastKnownFileType = file.xib; name = Base; path = Base.lproj/LaunchScreen.xib; sourceTree = "<group>"; };
		5EFCD6681B519F99002F61E3 /* SudokuHubTests.xctest */ = {isa = PBXFileReference; explicitFileType = wrapper.cfbundle; includeInIndex = 0; path = SudokuHubTests.xctest; sourceTree = BUILT_PRODUCTS_DIR; };
		5EFCD66D1B519F99002F61E3 /* Info.plist */ = {isa = PBXFileReference; lastKnownFileType = text.plist.xml; path = Info.plist; sourceTree = "<group>"; };
		5EFCD66E1B519F99002F61E3 /* SudokuHubTests.swift */ = {isa = PBXFileReference; lastKnownFileType = sourcecode.swift; path = SudokuHubTests.swift; sourceTree = "<group>"; };
		5EFCD68F1B51A571002F61E3 /* NumberTile.swift */ = {isa = PBXFileReference; fileEncoding = 4; lastKnownFileType = sourcecode.swift; path = NumberTile.swift; sourceTree = "<group>"; };
		5EFCD6911B51A5E8002F61E3 /* num0.png */ = {isa = PBXFileReference; lastKnownFileType = image.png; path = num0.png; sourceTree = "<group>"; };
		5EFCD6921B51A5E8002F61E3 /* num1.png */ = {isa = PBXFileReference; lastKnownFileType = image.png; path = num1.png; sourceTree = "<group>"; };
		5EFCD6931B51A5E8002F61E3 /* num2.png */ = {isa = PBXFileReference; lastKnownFileType = image.png; path = num2.png; sourceTree = "<group>"; };
		5EFCD6941B51A5E8002F61E3 /* num3.png */ = {isa = PBXFileReference; lastKnownFileType = image.png; path = num3.png; sourceTree = "<group>"; };
		5EFCD6951B51A5E8002F61E3 /* num4.png */ = {isa = PBXFileReference; lastKnownFileType = image.png; path = num4.png; sourceTree = "<group>"; };
		5EFCD6961B51A5E8002F61E3 /* num5.png */ = {isa = PBXFileReference; lastKnownFileType = image.png; path = num5.png; sourceTree = "<group>"; };
		5EFCD6971B51A5E8002F61E3 /* num6.png */ = {isa = PBXFileReference; lastKnownFileType = image.png; path = num6.png; sourceTree = "<group>"; };
		5EFCD6981B51A5E8002F61E3 /* num7.png */ = {isa = PBXFileReference; lastKnownFileType = image.png; path = num7.png; sourceTree = "<group>"; };
		5EFCD6991B51A5E8002F61E3 /* num8.png */ = {isa = PBXFileReference; lastKnownFileType = image.png; path = num8.png; sourceTree = "<group>"; };
		5EFCD69A1B51A5E8002F61E3 /* num9.png */ = {isa = PBXFileReference; lastKnownFileType = image.png; path = num9.png; sourceTree = "<group>"; };
		5EFCD6A51B51AA4E002F61E3 /* Array2D.swift */ = {isa = PBXFileReference; fileEncoding = 4; lastKnownFileType = sourcecode.swift; path = Array2D.swift; sourceTree = "<group>"; };
		5EFCD6A71B51AAF1002F61E3 /* Level.swift */ = {isa = PBXFileReference; fileEncoding = 4; lastKnownFileType = sourcecode.swift; path = Level.swift; sourceTree = "<group>"; };
/* End PBXFileReference section */

/* Begin PBXFrameworksBuildPhase section */
		5EFCD64C1B519F99002F61E3 /* Frameworks */ = {
			isa = PBXFrameworksBuildPhase;
			buildActionMask = 2147483647;
			files = (
			);
			runOnlyForDeploymentPostprocessing = 0;
		};
		5EFCD6651B519F99002F61E3 /* Frameworks */ = {
			isa = PBXFrameworksBuildPhase;
			buildActionMask = 2147483647;
			files = (
			);
			runOnlyForDeploymentPostprocessing = 0;
		};
/* End PBXFrameworksBuildPhase section */

/* Begin PBXGroup section */
		5EFCD6461B519F99002F61E3 = {
			isa = PBXGroup;
			children = (
				5EFCD6511B519F99002F61E3 /* SudokuHub */,
				5EFCD66B1B519F99002F61E3 /* SudokuHubTests */,
				5EFCD6501B519F99002F61E3 /* Products */,
			);
			sourceTree = "<group>";
		};
		5EFCD6501B519F99002F61E3 /* Products */ = {
			isa = PBXGroup;
			children = (
				5EFCD64F1B519F99002F61E3 /* SudokuHub.app */,
				5EFCD6681B519F99002F61E3 /* SudokuHubTests.xctest */,
			);
			name = Products;
			sourceTree = "<group>";
		};
		5EFCD6511B519F99002F61E3 /* SudokuHub */ = {
			isa = PBXGroup;
			children = (
				5EFCD6541B519F99002F61E3 /* AppDelegate.swift */,
				5EFCD6581B519F99002F61E3 /* GameScene.swift */,
				5EFCD65A1B519F99002F61E3 /* GameViewController.swift */,
				5EFCD65C1B519F99002F61E3 /* Main.storyboard */,
				5EFCD68F1B51A571002F61E3 /* NumberTile.swift */,
				5E5C909C1B643C880014AEBA /* NumberChooser.swift */,
				5EFCD6A51B51AA4E002F61E3 /* Array2D.swift */,
				5EFCD6A71B51AAF1002F61E3 /* Level.swift */,
				5E5C90981B64310E0014AEBA /* Extensions.swift */,
				5EFCD65F1B519F99002F61E3 /* Images.xcassets */,
				5EFCD6781B51A023002F61E3 /* Sprites.atlas */,
				5EFCD6611B519F99002F61E3 /* LaunchScreen.xib */,
				5EFCD6521B519F99002F61E3 /* Supporting Files */,
				5E5C90961B6430810014AEBA /* sample_board.json */,
			);
			path = SudokuHub;
			sourceTree = "<group>";
		};
		5EFCD6521B519F99002F61E3 /* Supporting Files */ = {
			isa = PBXGroup;
			children = (
				5EFCD6531B519F99002F61E3 /* Info.plist */,
			);
			name = "Supporting Files";
			sourceTree = "<group>";
		};
		5EFCD66B1B519F99002F61E3 /* SudokuHubTests */ = {
			isa = PBXGroup;
			children = (
				5EFCD66E1B519F99002F61E3 /* SudokuHubTests.swift */,
				5EFCD66C1B519F99002F61E3 /* Supporting Files */,
			);
			path = SudokuHubTests;
			sourceTree = "<group>";
		};
		5EFCD66C1B519F99002F61E3 /* Supporting Files */ = {
			isa = PBXGroup;
			children = (
				5EFCD66D1B519F99002F61E3 /* Info.plist */,
			);
			name = "Supporting Files";
			sourceTree = "<group>";
		};
		5EFCD6781B51A023002F61E3 /* Sprites.atlas */ = {
			isa = PBXGroup;
			children = (
				5E5C909A1B6438B20014AEBA /* Tile.png */,
				5EFCD6911B51A5E8002F61E3 /* num0.png */,
				5EFCD6921B51A5E8002F61E3 /* num1.png */,
				5EFCD6931B51A5E8002F61E3 /* num2.png */,
				5EFCD6941B51A5E8002F61E3 /* num3.png */,
				5EFCD6951B51A5E8002F61E3 /* num4.png */,
				5EFCD6961B51A5E8002F61E3 /* num5.png */,
				5EFCD6971B51A5E8002F61E3 /* num6.png */,
				5EFCD6981B51A5E8002F61E3 /* num7.png */,
				5EFCD6991B51A5E8002F61E3 /* num8.png */,
				5EFCD69A1B51A5E8002F61E3 /* num9.png */,
			);
			name = Sprites.atlas;
			path = SudokuHubSprites;
			sourceTree = "<group>";
		};
/* End PBXGroup section */

/* Begin PBXNativeTarget section */
		5EFCD64E1B519F99002F61E3 /* SudokuHub */ = {
			isa = PBXNativeTarget;
			buildConfigurationList = 5EFCD6721B519F99002F61E3 /* Build configuration list for PBXNativeTarget "SudokuHub" */;
			buildPhases = (
				5EFCD64B1B519F99002F61E3 /* Sources */,
				5EFCD64C1B519F99002F61E3 /* Frameworks */,
				5EFCD64D1B519F99002F61E3 /* Resources */,
			);
			buildRules = (
			);
			dependencies = (
			);
			name = SudokuHub;
			productName = SudokuHub;
			productReference = 5EFCD64F1B519F99002F61E3 /* SudokuHub.app */;
			productType = "com.apple.product-type.application";
		};
		5EFCD6671B519F99002F61E3 /* SudokuHubTests */ = {
			isa = PBXNativeTarget;
			buildConfigurationList = 5EFCD6751B519F99002F61E3 /* Build configuration list for PBXNativeTarget "SudokuHubTests" */;
			buildPhases = (
				5EFCD6641B519F99002F61E3 /* Sources */,
				5EFCD6651B519F99002F61E3 /* Frameworks */,
				5EFCD6661B519F99002F61E3 /* Resources */,
			);
			buildRules = (
			);
			dependencies = (
				5EFCD66A1B519F99002F61E3 /* PBXTargetDependency */,
			);
			name = SudokuHubTests;
			productName = SudokuHubTests;
			productReference = 5EFCD6681B519F99002F61E3 /* SudokuHubTests.xctest */;
			productType = "com.apple.product-type.bundle.unit-test";
		};
/* End PBXNativeTarget section */

/* Begin PBXProject section */
		5EFCD6471B519F99002F61E3 /* Project object */ = {
			isa = PBXProject;
			attributes = {
				LastUpgradeCheck = 0630;
				ORGANIZATIONNAME = George;
				TargetAttributes = {
					5EFCD64E1B519F99002F61E3 = {
						CreatedOnToolsVersion = 6.3;
					};
					5EFCD6671B519F99002F61E3 = {
						CreatedOnToolsVersion = 6.3;
						TestTargetID = 5EFCD64E1B519F99002F61E3;
					};
				};
			};
			buildConfigurationList = 5EFCD64A1B519F99002F61E3 /* Build configuration list for PBXProject "SudokuHub" */;
			compatibilityVersion = "Xcode 3.2";
			developmentRegion = English;
			hasScannedForEncodings = 0;
			knownRegions = (
				en,
				Base,
			);
			mainGroup = 5EFCD6461B519F99002F61E3;
			productRefGroup = 5EFCD6501B519F99002F61E3 /* Products */;
			projectDirPath = "";
			projectRoot = "";
			targets = (
				5EFCD64E1B519F99002F61E3 /* SudokuHub */,
				5EFCD6671B519F99002F61E3 /* SudokuHubTests */,
			);
		};
/* End PBXProject section */

/* Begin PBXResourcesBuildPhase section */
		5EFCD64D1B519F99002F61E3 /* Resources */ = {
			isa = PBXResourcesBuildPhase;
			buildActionMask = 2147483647;
			files = (
				5E5C90971B6430810014AEBA /* sample_board.json in Resources */,
				5EFCD6631B519F99002F61E3 /* LaunchScreen.xib in Resources */,
				5EFCD6A11B51A5E8002F61E3 /* num6.png in Resources */,
				5EFCD6A21B51A5E8002F61E3 /* num7.png in Resources */,
				5EFCD69E1B51A5E8002F61E3 /* num3.png in Resources */,
				5EFCD6A41B51A5E8002F61E3 /* num9.png in Resources */,
				5EFCD6601B519F99002F61E3 /* Images.xcassets in Resources */,
				5EFCD6A31B51A5E8002F61E3 /* num8.png in Resources */,
				5EFCD69B1B51A5E8002F61E3 /* num0.png in Resources */,
				5EFCD69F1B51A5E8002F61E3 /* num4.png in Resources */,
				5EFCD6A01B51A5E8002F61E3 /* num5.png in Resources */,
				5EFCD69C1B51A5E8002F61E3 /* num1.png in Resources */,
				5E5C909B1B6438B20014AEBA /* Tile.png in Resources */,
				5EFCD65E1B519F99002F61E3 /* Main.storyboard in Resources */,
				5EFCD69D1B51A5E8002F61E3 /* num2.png in Resources */,
			);
			runOnlyForDeploymentPostprocessing = 0;
		};
		5EFCD6661B519F99002F61E3 /* Resources */ = {
			isa = PBXResourcesBuildPhase;
			buildActionMask = 2147483647;
			files = (
			);
			runOnlyForDeploymentPostprocessing = 0;
		};
/* End PBXResourcesBuildPhase section */

/* Begin PBXSourcesBuildPhase section */
		5EFCD64B1B519F99002F61E3 /* Sources */ = {
			isa = PBXSourcesBuildPhase;
			buildActionMask = 2147483647;
			files = (
				5EFCD6A81B51AAF1002F61E3 /* Level.swift in Sources */,
				5EFCD6591B519F99002F61E3 /* GameScene.swift in Sources */,
				5E5C909D1B643C880014AEBA /* NumberChooser.swift in Sources */,
				5EFCD65B1B519F99002F61E3 /* GameViewController.swift in Sources */,
				5EFCD6901B51A571002F61E3 /* NumberTile.swift in Sources */,
				5EFCD6551B519F99002F61E3 /* AppDelegate.swift in Sources */,
				5EFCD6A61B51AA4E002F61E3 /* Array2D.swift in Sources */,
				5E5C90991B64310E0014AEBA /* Extensions.swift in Sources */,
			);
			runOnlyForDeploymentPostprocessing = 0;
		};
		5EFCD6641B519F99002F61E3 /* Sources */ = {
			isa = PBXSourcesBuildPhase;
			buildActionMask = 2147483647;
			files = (
				5EFCD66F1B519F99002F61E3 /* SudokuHubTests.swift in Sources */,
			);
			runOnlyForDeploymentPostprocessing = 0;
		};
/* End PBXSourcesBuildPhase section */

/* Begin PBXTargetDependency section */
		5EFCD66A1B519F99002F61E3 /* PBXTargetDependency */ = {
			isa = PBXTargetDependency;
			target = 5EFCD64E1B519F99002F61E3 /* SudokuHub */;
			targetProxy = 5EFCD6691B519F99002F61E3 /* PBXContainerItemProxy */;
		};
/* End PBXTargetDependency section */

/* Begin PBXVariantGroup section */
		5EFCD65C1B519F99002F61E3 /* Main.storyboard */ = {
			isa = PBXVariantGroup;
			children = (
				5EFCD65D1B519F99002F61E3 /* Base */,
			);
			name = Main.storyboard;
			sourceTree = "<group>";
		};
		5EFCD6611B519F99002F61E3 /* LaunchScreen.xib */ = {
			isa = PBXVariantGroup;
			children = (
				5EFCD6621B519F99002F61E3 /* Base */,
			);
			name = LaunchScreen.xib;
			sourceTree = "<group>";
		};
/* End PBXVariantGroup section */

/* Begin XCBuildConfiguration section */
		5EFCD6701B519F99002F61E3 /* Debug */ = {
			isa = XCBuildConfiguration;
			buildSettings = {
				ALWAYS_SEARCH_USER_PATHS = NO;
				CLANG_CXX_LANGUAGE_STANDARD = "gnu++0x";
				CLANG_CXX_LIBRARY = "libc++";
				CLANG_ENABLE_MODULES = YES;
				CLANG_ENABLE_OBJC_ARC = YES;
				CLANG_WARN_BOOL_CONVERSION = YES;
				CLANG_WARN_CONSTANT_CONVERSION = YES;
				CLANG_WARN_DIRECT_OBJC_ISA_USAGE = YES_ERROR;
				CLANG_WARN_EMPTY_BODY = YES;
				CLANG_WARN_ENUM_CONVERSION = YES;
				CLANG_WARN_INT_CONVERSION = YES;
				CLANG_WARN_OBJC_ROOT_CLASS = YES_ERROR;
				CLANG_WARN_UNREACHABLE_CODE = YES;
				CLANG_WARN__DUPLICATE_METHOD_MATCH = YES;
				"CODE_SIGN_IDENTITY[sdk=iphoneos*]" = "iPhone Developer";
				COPY_PHASE_STRIP = NO;
				DEBUG_INFORMATION_FORMAT = "dwarf-with-dsym";
				ENABLE_STRICT_OBJC_MSGSEND = YES;
				GCC_C_LANGUAGE_STANDARD = gnu99;
				GCC_DYNAMIC_NO_PIC = NO;
				GCC_NO_COMMON_BLOCKS = YES;
				GCC_OPTIMIZATION_LEVEL = 0;
				GCC_PREPROCESSOR_DEFINITIONS = (
					"DEBUG=1",
					"$(inherited)",
				);
				GCC_SYMBOLS_PRIVATE_EXTERN = NO;
				GCC_WARN_64_TO_32_BIT_CONVERSION = YES;
				GCC_WARN_ABOUT_RETURN_TYPE = YES_ERROR;
				GCC_WARN_UNDECLARED_SELECTOR = YES;
				GCC_WARN_UNINITIALIZED_AUTOS = YES_AGGRESSIVE;
				GCC_WARN_UNUSED_FUNCTION = YES;
				GCC_WARN_UNUSED_VARIABLE = YES;
				IPHONEOS_DEPLOYMENT_TARGET = 8.3;
				MTL_ENABLE_DEBUG_INFO = YES;
				ONLY_ACTIVE_ARCH = YES;
				SDKROOT = iphoneos;
				SWIFT_OPTIMIZATION_LEVEL = "-Onone";
			};
			name = Debug;
		};
		5EFCD6711B519F99002F61E3 /* Release */ = {
			isa = XCBuildConfiguration;
			buildSettings = {
				ALWAYS_SEARCH_USER_PATHS = NO;
				CLANG_CXX_LANGUAGE_STANDARD = "gnu++0x";
				CLANG_CXX_LIBRARY = "libc++";
				CLANG_ENABLE_MODULES = YES;
				CLANG_ENABLE_OBJC_ARC = YES;
				CLANG_WARN_BOOL_CONVERSION = YES;
				CLANG_WARN_CONSTANT_CONVERSION = YES;
				CLANG_WARN_DIRECT_OBJC_ISA_USAGE = YES_ERROR;
				CLANG_WARN_EMPTY_BODY = YES;
				CLANG_WARN_ENUM_CONVERSION = YES;
				CLANG_WARN_INT_CONVERSION = YES;
				CLANG_WARN_OBJC_ROOT_CLASS = YES_ERROR;
				CLANG_WARN_UNREACHABLE_CODE = YES;
				CLANG_WARN__DUPLICATE_METHOD_MATCH = YES;
				"CODE_SIGN_IDENTITY[sdk=iphoneos*]" = "iPhone Developer";
				COPY_PHASE_STRIP = NO;
				DEBUG_INFORMATION_FORMAT = "dwarf-with-dsym";
				ENABLE_NS_ASSERTIONS = NO;
				ENABLE_STRICT_OBJC_MSGSEND = YES;
				GCC_C_LANGUAGE_STANDARD = gnu99;
				GCC_NO_COMMON_BLOCKS = YES;
				GCC_WARN_64_TO_32_BIT_CONVERSION = YES;
				GCC_WARN_ABOUT_RETURN_TYPE = YES_ERROR;
				GCC_WARN_UNDECLARED_SELECTOR = YES;
				GCC_WARN_UNINITIALIZED_AUTOS = YES_AGGRESSIVE;
				GCC_WARN_UNUSED_FUNCTION = YES;
				GCC_WARN_UNUSED_VARIABLE = YES;
				IPHONEOS_DEPLOYMENT_TARGET = 8.3;
				MTL_ENABLE_DEBUG_INFO = NO;
				SDKROOT = iphoneos;
				VALIDATE_PRODUCT = YES;
			};
			name = Release;
		};
		5EFCD6731B519F99002F61E3 /* Debug */ = {
			isa = XCBuildConfiguration;
			buildSettings = {
				ASSETCATALOG_COMPILER_APPICON_NAME = AppIcon;
				INFOPLIST_FILE = SudokuHub/Info.plist;
				LD_RUNPATH_SEARCH_PATHS = "$(inherited) @executable_path/Frameworks";
				PRODUCT_NAME = "$(TARGET_NAME)";
			};
			name = Debug;
		};
		5EFCD6741B519F99002F61E3 /* Release */ = {
			isa = XCBuildConfiguration;
			buildSettings = {
				ASSETCATALOG_COMPILER_APPICON_NAME = AppIcon;
				INFOPLIST_FILE = SudokuHub/Info.plist;
				LD_RUNPATH_SEARCH_PATHS = "$(inherited) @executable_path/Frameworks";
				PRODUCT_NAME = "$(TARGET_NAME)";
			};
			name = Release;
		};
		5EFCD6761B519F99002F61E3 /* Debug */ = {
			isa = XCBuildConfiguration;
			buildSettings = {
				BUNDLE_LOADER = "$(TEST_HOST)";
				FRAMEWORK_SEARCH_PATHS = (
					"$(SDKROOT)/Developer/Library/Frameworks",
					"$(inherited)",
				);
				GCC_PREPROCESSOR_DEFINITIONS = (
					"DEBUG=1",
					"$(inherited)",
				);
				INFOPLIST_FILE = SudokuHubTests/Info.plist;
				LD_RUNPATH_SEARCH_PATHS = "$(inherited) @executable_path/Frameworks @loader_path/Frameworks";
				PRODUCT_NAME = "$(TARGET_NAME)";
				TEST_HOST = "$(BUILT_PRODUCTS_DIR)/SudokuHub.app/SudokuHub";
			};
			name = Debug;
		};
		5EFCD6771B519F99002F61E3 /* Release */ = {
			isa = XCBuildConfiguration;
			buildSettings = {
				BUNDLE_LOADER = "$(TEST_HOST)";
				FRAMEWORK_SEARCH_PATHS = (
					"$(SDKROOT)/Developer/Library/Frameworks",
					"$(inherited)",
				);
				INFOPLIST_FILE = SudokuHubTests/Info.plist;
				LD_RUNPATH_SEARCH_PATHS = "$(inherited) @executable_path/Frameworks @loader_path/Frameworks";
				PRODUCT_NAME = "$(TARGET_NAME)";
				TEST_HOST = "$(BUILT_PRODUCTS_DIR)/SudokuHub.app/SudokuHub";
			};
			name = Release;
		};
/* End XCBuildConfiguration section */

/* Begin XCConfigurationList section */
		5EFCD64A1B519F99002F61E3 /* Build configuration list for PBXProject "SudokuHub" */ = {
			isa = XCConfigurationList;
			buildConfigurations = (
				5EFCD6701B519F99002F61E3 /* Debug */,
				5EFCD6711B519F99002F61E3 /* Release */,
			);
			defaultConfigurationIsVisible = 0;
			defaultConfigurationName = Release;
		};
		5EFCD6721B519F99002F61E3 /* Build configuration list for PBXNativeTarget "SudokuHub" */ = {
			isa = XCConfigurationList;
			buildConfigurations = (
				5EFCD6731B519F99002F61E3 /* Debug */,
				5EFCD6741B519F99002F61E3 /* Release */,
			);
			defaultConfigurationIsVisible = 0;
			defaultConfigurationName = Release;
		};
		5EFCD6751B519F99002F61E3 /* Build configuration list for PBXNativeTarget "SudokuHubTests" */ = {
			isa = XCConfigurationList;
			buildConfigurations = (
				5EFCD6761B519F99002F61E3 /* Debug */,
				5EFCD6771B519F99002F61E3 /* Release */,
			);
			defaultConfigurationIsVisible = 0;
			defaultConfigurationName = Release;
		};
/* End XCConfigurationList section */
	};
	rootObject = 5EFCD6471B519F99002F61E3 /* Project object */;
}
